// !$*UTF8*$!
{
	archiveVersion = 1;
	classes = {
	};
	objectVersion = 50;
	objects = {

/* Begin PBXBuildFile section */
		5E0F60BB209BF1DB00C38A53 /* MapComponent.framework in Frameworks */ = {isa = PBXBuildFile; fileRef = 5E0F60B1209BF1DB00C38A53 /* MapComponent.framework */; };
		5E0F60C0209BF1DB00C38A53 /* MapComponentTests.swift in Sources */ = {isa = PBXBuildFile; fileRef = 5E0F60BF209BF1DB00C38A53 /* MapComponentTests.swift */; };
		5E0F60C2209BF1DB00C38A53 /* MapComponent.h in Headers */ = {isa = PBXBuildFile; fileRef = 5E0F60B4209BF1DB00C38A53 /* MapComponent.h */; settings = {ATTRIBUTES = (Public, ); }; };
		5E0F60CD209BF4D200C38A53 /* MapRootViewController.swift in Sources */ = {isa = PBXBuildFile; fileRef = 5E0F60CC209BF4D200C38A53 /* MapRootViewController.swift */; };
		5E0F60CF209BF4E300C38A53 /* MapRootViewController.xib in Resources */ = {isa = PBXBuildFile; fileRef = 5E0F60CE209BF4E300C38A53 /* MapRootViewController.xib */; };
		5E0F60D2209BFAB900C38A53 /* MapAbstraction.swift in Sources */ = {isa = PBXBuildFile; fileRef = 5E0F60D1209BFAB900C38A53 /* MapAbstraction.swift */; };
		5E0F60D4209BFB1200C38A53 /* MapTypes.swift in Sources */ = {isa = PBXBuildFile; fileRef = 5E0F60D3209BFB1100C38A53 /* MapTypes.swift */; };
		5E0F60D6209BFB4100C38A53 /* MapViewAbstraction.swift in Sources */ = {isa = PBXBuildFile; fileRef = 5E0F60D5209BFB4100C38A53 /* MapViewAbstraction.swift */; };
		5E0F60D9209BFB8700C38A53 /* AnnotationAbstraction.swift in Sources */ = {isa = PBXBuildFile; fileRef = 5E0F60D8209BFB8700C38A53 /* AnnotationAbstraction.swift */; };
		5E0F60DB209BFBA000C38A53 /* AnnotationViewAbstraction.swift in Sources */ = {isa = PBXBuildFile; fileRef = 5E0F60DA209BFBA000C38A53 /* AnnotationViewAbstraction.swift */; };
		5E0F60EA209CDC6F00C38A53 /* MapComponentCoordinator.swift in Sources */ = {isa = PBXBuildFile; fileRef = 5E0F60E9209CDC6F00C38A53 /* MapComponentCoordinator.swift */; };
		5E0F60EE209CE75500C38A53 /* MapComponentPresenter.swift in Sources */ = {isa = PBXBuildFile; fileRef = 5E0F60ED209CE75500C38A53 /* MapComponentPresenter.swift */; };
		5E0F60F120A28E1E00C38A53 /* MapComponentClosures.swift in Sources */ = {isa = PBXBuildFile; fileRef = 5E0F60F020A28E1E00C38A53 /* MapComponentClosures.swift */; };
		5E0F60F320A28E5600C38A53 /* MapInteraction.swift in Sources */ = {isa = PBXBuildFile; fileRef = 5E0F60F220A28E5600C38A53 /* MapInteraction.swift */; };
		5E0F60F520A28E9500C38A53 /* MapEvents.swift in Sources */ = {isa = PBXBuildFile; fileRef = 5E0F60F420A28E9500C38A53 /* MapEvents.swift */; };
		5E0F60F720A28EBB00C38A53 /* MapDataSource.swift in Sources */ = {isa = PBXBuildFile; fileRef = 5E0F60F620A28EBB00C38A53 /* MapDataSource.swift */; };
		5E0F60F920A28ED300C38A53 /* MapDataFormattable.swift in Sources */ = {isa = PBXBuildFile; fileRef = 5E0F60F820A28ED300C38A53 /* MapDataFormattable.swift */; };
		5E0F60FB20A28EED00C38A53 /* MapConfigurable.swift in Sources */ = {isa = PBXBuildFile; fileRef = 5E0F60FA20A28EED00C38A53 /* MapConfigurable.swift */; };
		5E0F60FD20A299E000C38A53 /* MapAttributes.swift in Sources */ = {isa = PBXBuildFile; fileRef = 5E0F60FC20A299E000C38A53 /* MapAttributes.swift */; };
		5E0F610820A2A3D900C38A53 /* UIView+Constraints.swift in Sources */ = {isa = PBXBuildFile; fileRef = 5E0F610720A2A3D900C38A53 /* UIView+Constraints.swift */; };
		5E0F610A20A3DCE700C38A53 /* MapAbstrationDelegate.swift in Sources */ = {isa = PBXBuildFile; fileRef = 5E0F610920A3DCE700C38A53 /* MapAbstrationDelegate.swift */; };
		5E1DF89420A65C9800BA6517 /* UIViewController+Embed.swift in Sources */ = {isa = PBXBuildFile; fileRef = 5E1DF89320A65C9800BA6517 /* UIViewController+Embed.swift */; };
/* End PBXBuildFile section */

/* Begin PBXContainerItemProxy section */
		5E0F60BC209BF1DB00C38A53 /* PBXContainerItemProxy */ = {
			isa = PBXContainerItemProxy;
			containerPortal = 5E0F60A8209BF1DB00C38A53 /* Project object */;
			proxyType = 1;
			remoteGlobalIDString = 5E0F60B0209BF1DB00C38A53;
			remoteInfo = MapComponent;
		};
/* End PBXContainerItemProxy section */

/* Begin PBXFileReference section */
		5E0F60B1209BF1DB00C38A53 /* MapComponent.framework */ = {isa = PBXFileReference; explicitFileType = wrapper.framework; includeInIndex = 0; path = MapComponent.framework; sourceTree = BUILT_PRODUCTS_DIR; };
		5E0F60B4209BF1DB00C38A53 /* MapComponent.h */ = {isa = PBXFileReference; lastKnownFileType = sourcecode.c.h; path = MapComponent.h; sourceTree = "<group>"; };
		5E0F60B5209BF1DB00C38A53 /* Info.plist */ = {isa = PBXFileReference; lastKnownFileType = text.plist.xml; path = Info.plist; sourceTree = "<group>"; };
		5E0F60BA209BF1DB00C38A53 /* MapComponentTests.xctest */ = {isa = PBXFileReference; explicitFileType = wrapper.cfbundle; includeInIndex = 0; path = MapComponentTests.xctest; sourceTree = BUILT_PRODUCTS_DIR; };
		5E0F60BF209BF1DB00C38A53 /* MapComponentTests.swift */ = {isa = PBXFileReference; lastKnownFileType = sourcecode.swift; path = MapComponentTests.swift; sourceTree = "<group>"; };
		5E0F60C1209BF1DB00C38A53 /* Info.plist */ = {isa = PBXFileReference; lastKnownFileType = text.plist.xml; path = Info.plist; sourceTree = "<group>"; };
		5E0F60CC209BF4D200C38A53 /* MapRootViewController.swift */ = {isa = PBXFileReference; lastKnownFileType = sourcecode.swift; path = MapRootViewController.swift; sourceTree = "<group>"; };
		5E0F60CE209BF4E300C38A53 /* MapRootViewController.xib */ = {isa = PBXFileReference; lastKnownFileType = file.xib; path = MapRootViewController.xib; sourceTree = "<group>"; };
		5E0F60D1209BFAB900C38A53 /* MapAbstraction.swift */ = {isa = PBXFileReference; lastKnownFileType = sourcecode.swift; path = MapAbstraction.swift; sourceTree = "<group>"; };
		5E0F60D3209BFB1100C38A53 /* MapTypes.swift */ = {isa = PBXFileReference; lastKnownFileType = sourcecode.swift; path = MapTypes.swift; sourceTree = "<group>"; };
		5E0F60D5209BFB4100C38A53 /* MapViewAbstraction.swift */ = {isa = PBXFileReference; lastKnownFileType = sourcecode.swift; path = MapViewAbstraction.swift; sourceTree = "<group>"; };
		5E0F60D8209BFB8700C38A53 /* AnnotationAbstraction.swift */ = {isa = PBXFileReference; lastKnownFileType = sourcecode.swift; path = AnnotationAbstraction.swift; sourceTree = "<group>"; };
		5E0F60DA209BFBA000C38A53 /* AnnotationViewAbstraction.swift */ = {isa = PBXFileReference; lastKnownFileType = sourcecode.swift; path = AnnotationViewAbstraction.swift; sourceTree = "<group>"; };
		5E0F60E9209CDC6F00C38A53 /* MapComponentCoordinator.swift */ = {isa = PBXFileReference; lastKnownFileType = sourcecode.swift; path = MapComponentCoordinator.swift; sourceTree = "<group>"; };
		5E0F60ED209CE75500C38A53 /* MapComponentPresenter.swift */ = {isa = PBXFileReference; lastKnownFileType = sourcecode.swift; path = MapComponentPresenter.swift; sourceTree = "<group>"; };
		5E0F60F020A28E1E00C38A53 /* MapComponentClosures.swift */ = {isa = PBXFileReference; lastKnownFileType = sourcecode.swift; path = MapComponentClosures.swift; sourceTree = "<group>"; };
		5E0F60F220A28E5600C38A53 /* MapInteraction.swift */ = {isa = PBXFileReference; lastKnownFileType = sourcecode.swift; path = MapInteraction.swift; sourceTree = "<group>"; };
		5E0F60F420A28E9500C38A53 /* MapEvents.swift */ = {isa = PBXFileReference; lastKnownFileType = sourcecode.swift; path = MapEvents.swift; sourceTree = "<group>"; };
		5E0F60F620A28EBB00C38A53 /* MapDataSource.swift */ = {isa = PBXFileReference; lastKnownFileType = sourcecode.swift; path = MapDataSource.swift; sourceTree = "<group>"; };
		5E0F60F820A28ED300C38A53 /* MapDataFormattable.swift */ = {isa = PBXFileReference; lastKnownFileType = sourcecode.swift; path = MapDataFormattable.swift; sourceTree = "<group>"; };
		5E0F60FA20A28EED00C38A53 /* MapConfigurable.swift */ = {isa = PBXFileReference; lastKnownFileType = sourcecode.swift; path = MapConfigurable.swift; sourceTree = "<group>"; };
		5E0F60FC20A299E000C38A53 /* MapAttributes.swift */ = {isa = PBXFileReference; lastKnownFileType = sourcecode.swift; path = MapAttributes.swift; sourceTree = "<group>"; };
		5E0F610720A2A3D900C38A53 /* UIView+Constraints.swift */ = {isa = PBXFileReference; lastKnownFileType = sourcecode.swift; path = "UIView+Constraints.swift"; sourceTree = "<group>"; };
		5E0F610920A3DCE700C38A53 /* MapAbstrationDelegate.swift */ = {isa = PBXFileReference; lastKnownFileType = sourcecode.swift; path = MapAbstrationDelegate.swift; sourceTree = "<group>"; };
		5E1DF89320A65C9800BA6517 /* UIViewController+Embed.swift */ = {isa = PBXFileReference; lastKnownFileType = sourcecode.swift; path = "UIViewController+Embed.swift"; sourceTree = "<group>"; };
/* End PBXFileReference section */

/* Begin PBXFrameworksBuildPhase section */
		5E0F60AD209BF1DB00C38A53 /* Frameworks */ = {
			isa = PBXFrameworksBuildPhase;
			buildActionMask = 2147483647;
			files = (
			);
			runOnlyForDeploymentPostprocessing = 0;
		};
		5E0F60B7209BF1DB00C38A53 /* Frameworks */ = {
			isa = PBXFrameworksBuildPhase;
			buildActionMask = 2147483647;
			files = (
				5E0F60BB209BF1DB00C38A53 /* MapComponent.framework in Frameworks */,
			);
			runOnlyForDeploymentPostprocessing = 0;
		};
/* End PBXFrameworksBuildPhase section */

/* Begin PBXGroup section */
		5E0F60A7209BF1DB00C38A53 = {
			isa = PBXGroup;
			children = (
				5E0F60B3209BF1DB00C38A53 /* MapComponent */,
				5E0F60BE209BF1DB00C38A53 /* MapComponentTests */,
				5E0F60B2209BF1DB00C38A53 /* Products */,
			);
			sourceTree = "<group>";
		};
		5E0F60B2209BF1DB00C38A53 /* Products */ = {
			isa = PBXGroup;
			children = (
				5E0F60B1209BF1DB00C38A53 /* MapComponent.framework */,
				5E0F60BA209BF1DB00C38A53 /* MapComponentTests.xctest */,
			);
			name = Products;
			sourceTree = "<group>";
		};
		5E0F60B3209BF1DB00C38A53 /* MapComponent */ = {
			isa = PBXGroup;
			children = (
				5E0F60CB209BF1F400C38A53 /* Sources */,
				5E0F60B4209BF1DB00C38A53 /* MapComponent.h */,
				5E0F60B5209BF1DB00C38A53 /* Info.plist */,
			);
			path = MapComponent;
			sourceTree = "<group>";
		};
		5E0F60BE209BF1DB00C38A53 /* MapComponentTests */ = {
			isa = PBXGroup;
			children = (
				5E0F60BF209BF1DB00C38A53 /* MapComponentTests.swift */,
				5E0F60C1209BF1DB00C38A53 /* Info.plist */,
			);
			path = MapComponentTests;
			sourceTree = "<group>";
		};
		5E0F60CB209BF1F400C38A53 /* Sources */ = {
			isa = PBXGroup;
			children = (
				5E0F60EF20A28E0A00C38A53 /* MapComponentTypes */,
				5E0F610520A2A39300C38A53 /* Root */,
				5E0F610620A2A39B00C38A53 /* Extensions */,
				5E0F60D0209BF5E900C38A53 /* Views */,
			);
			path = Sources;
			sourceTree = "<group>";
		};
		5E0F60D0209BF5E900C38A53 /* Views */ = {
			isa = PBXGroup;
			children = (
				5E0F60E4209CD89100C38A53 /* Maps */,
			);
			path = Views;
			sourceTree = "<group>";
		};
		5E0F60D7209BFB6200C38A53 /* Annotations */ = {
			isa = PBXGroup;
			children = (
				5E0F60D8209BFB8700C38A53 /* AnnotationAbstraction.swift */,
				5E0F60DA209BFBA000C38A53 /* AnnotationViewAbstraction.swift */,
			);
			path = Annotations;
			sourceTree = "<group>";
		};
		5E0F60E4209CD89100C38A53 /* Maps */ = {
			isa = PBXGroup;
			children = (
				5E0F60D3209BFB1100C38A53 /* MapTypes.swift */,
				5E0F60D1209BFAB900C38A53 /* MapAbstraction.swift */,
				5E0F610920A3DCE700C38A53 /* MapAbstrationDelegate.swift */,
				5E0F60D5209BFB4100C38A53 /* MapViewAbstraction.swift */,
				5E0F60D7209BFB6200C38A53 /* Annotations */,
			);
			path = Maps;
			sourceTree = "<group>";
		};
		5E0F60EF20A28E0A00C38A53 /* MapComponentTypes */ = {
			isa = PBXGroup;
			children = (
				5E0F60F020A28E1E00C38A53 /* MapComponentClosures.swift */,
				5E0F60F220A28E5600C38A53 /* MapInteraction.swift */,
				5E0F60F420A28E9500C38A53 /* MapEvents.swift */,
				5E0F60F620A28EBB00C38A53 /* MapDataSource.swift */,
				5E0F60F820A28ED300C38A53 /* MapDataFormattable.swift */,
				5E0F60FC20A299E000C38A53 /* MapAttributes.swift */,
				5E0F60FA20A28EED00C38A53 /* MapConfigurable.swift */,
			);
			path = MapComponentTypes;
			sourceTree = "<group>";
		};
		5E0F610520A2A39300C38A53 /* Root */ = {
			isa = PBXGroup;
			children = (
				5E0F60E9209CDC6F00C38A53 /* MapComponentCoordinator.swift */,
				5E0F60ED209CE75500C38A53 /* MapComponentPresenter.swift */,
				5E0F60CC209BF4D200C38A53 /* MapRootViewController.swift */,
				5E0F60CE209BF4E300C38A53 /* MapRootViewController.xib */,
			);
			path = Root;
			sourceTree = "<group>";
		};
		5E0F610620A2A39B00C38A53 /* Extensions */ = {
			isa = PBXGroup;
			children = (
				5E0F610720A2A3D900C38A53 /* UIView+Constraints.swift */,
				5E1DF89320A65C9800BA6517 /* UIViewController+Embed.swift */,
			);
			path = Extensions;
			sourceTree = "<group>";
		};
/* End PBXGroup section */

/* Begin PBXHeadersBuildPhase section */
		5E0F60AE209BF1DB00C38A53 /* Headers */ = {
			isa = PBXHeadersBuildPhase;
			buildActionMask = 2147483647;
			files = (
				5E0F60C2209BF1DB00C38A53 /* MapComponent.h in Headers */,
			);
			runOnlyForDeploymentPostprocessing = 0;
		};
/* End PBXHeadersBuildPhase section */

/* Begin PBXNativeTarget section */
		5E0F60B0209BF1DB00C38A53 /* MapComponent */ = {
			isa = PBXNativeTarget;
			buildConfigurationList = 5E0F60C5209BF1DB00C38A53 /* Build configuration list for PBXNativeTarget "MapComponent" */;
			buildPhases = (
				5E0F60AC209BF1DB00C38A53 /* Sources */,
				5E0F60AD209BF1DB00C38A53 /* Frameworks */,
				5E0F60AE209BF1DB00C38A53 /* Headers */,
				5E0F60AF209BF1DB00C38A53 /* Resources */,
			);
			buildRules = (
			);
			dependencies = (
			);
			name = MapComponent;
			productName = MapComponent;
			productReference = 5E0F60B1209BF1DB00C38A53 /* MapComponent.framework */;
			productType = "com.apple.product-type.framework";
		};
		5E0F60B9209BF1DB00C38A53 /* MapComponentTests */ = {
			isa = PBXNativeTarget;
			buildConfigurationList = 5E0F60C8209BF1DB00C38A53 /* Build configuration list for PBXNativeTarget "MapComponentTests" */;
			buildPhases = (
				5E0F60B6209BF1DB00C38A53 /* Sources */,
				5E0F60B7209BF1DB00C38A53 /* Frameworks */,
				5E0F60B8209BF1DB00C38A53 /* Resources */,
			);
			buildRules = (
			);
			dependencies = (
				5E0F60BD209BF1DB00C38A53 /* PBXTargetDependency */,
			);
			name = MapComponentTests;
			productName = MapComponentTests;
			productReference = 5E0F60BA209BF1DB00C38A53 /* MapComponentTests.xctest */;
			productType = "com.apple.product-type.bundle.unit-test";
		};
/* End PBXNativeTarget section */

/* Begin PBXProject section */
		5E0F60A8209BF1DB00C38A53 /* Project object */ = {
			isa = PBXProject;
			attributes = {
				LastSwiftUpdateCheck = 0930;
				LastUpgradeCheck = 0930;
				ORGANIZATIONNAME = "operation thirteenOne";
				TargetAttributes = {
					5E0F60B0209BF1DB00C38A53 = {
						CreatedOnToolsVersion = 9.3;
						LastSwiftMigration = 0930;
					};
					5E0F60B9209BF1DB00C38A53 = {
						CreatedOnToolsVersion = 9.3;
					};
				};
			};
			buildConfigurationList = 5E0F60AB209BF1DB00C38A53 /* Build configuration list for PBXProject "MapComponent" */;
			compatibilityVersion = "Xcode 9.3";
			developmentRegion = en;
			hasScannedForEncodings = 0;
			knownRegions = (
				en,
			);
			mainGroup = 5E0F60A7209BF1DB00C38A53;
			productRefGroup = 5E0F60B2209BF1DB00C38A53 /* Products */;
			projectDirPath = "";
			projectRoot = "";
			targets = (
				5E0F60B0209BF1DB00C38A53 /* MapComponent */,
				5E0F60B9209BF1DB00C38A53 /* MapComponentTests */,
			);
		};
/* End PBXProject section */

/* Begin PBXResourcesBuildPhase section */
		5E0F60AF209BF1DB00C38A53 /* Resources */ = {
			isa = PBXResourcesBuildPhase;
			buildActionMask = 2147483647;
			files = (
				5E0F60CF209BF4E300C38A53 /* MapRootViewController.xib in Resources */,
			);
			runOnlyForDeploymentPostprocessing = 0;
		};
		5E0F60B8209BF1DB00C38A53 /* Resources */ = {
			isa = PBXResourcesBuildPhase;
			buildActionMask = 2147483647;
			files = (
			);
			runOnlyForDeploymentPostprocessing = 0;
		};
/* End PBXResourcesBuildPhase section */

/* Begin PBXSourcesBuildPhase section */
		5E0F60AC209BF1DB00C38A53 /* Sources */ = {
			isa = PBXSourcesBuildPhase;
			buildActionMask = 2147483647;
			files = (
				5E1DF89420A65C9800BA6517 /* UIViewController+Embed.swift in Sources */,
				5E0F60F520A28E9500C38A53 /* MapEvents.swift in Sources */,
				5E0F60CD209BF4D200C38A53 /* MapRootViewController.swift in Sources */,
				5E0F60FD20A299E000C38A53 /* MapAttributes.swift in Sources */,
				5E0F60D9209BFB8700C38A53 /* AnnotationAbstraction.swift in Sources */,
				5E0F60EA209CDC6F00C38A53 /* MapComponentCoordinator.swift in Sources */,
				5E0F60D2209BFAB900C38A53 /* MapAbstraction.swift in Sources */,
				5E0F60EE209CE75500C38A53 /* MapComponentPresenter.swift in Sources */,
				5E0F60F320A28E5600C38A53 /* MapInteraction.swift in Sources */,
				5E0F60D6209BFB4100C38A53 /* MapViewAbstraction.swift in Sources */,
				5E0F60DB209BFBA000C38A53 /* AnnotationViewAbstraction.swift in Sources */,
				5E0F610A20A3DCE700C38A53 /* MapAbstrationDelegate.swift in Sources */,
				5E0F60F720A28EBB00C38A53 /* MapDataSource.swift in Sources */,
				5E0F60FB20A28EED00C38A53 /* MapConfigurable.swift in Sources */,
				5E0F60F120A28E1E00C38A53 /* MapComponentClosures.swift in Sources */,
				5E0F60D4209BFB1200C38A53 /* MapTypes.swift in Sources */,
				5E0F60F920A28ED300C38A53 /* MapDataFormattable.swift in Sources */,
				5E0F610820A2A3D900C38A53 /* UIView+Constraints.swift in Sources */,
			);
			runOnlyForDeploymentPostprocessing = 0;
		};
		5E0F60B6209BF1DB00C38A53 /* Sources */ = {
			isa = PBXSourcesBuildPhase;
			buildActionMask = 2147483647;
			files = (
				5E0F60C0209BF1DB00C38A53 /* MapComponentTests.swift in Sources */,
			);
			runOnlyForDeploymentPostprocessing = 0;
		};
/* End PBXSourcesBuildPhase section */

/* Begin PBXTargetDependency section */
		5E0F60BD209BF1DB00C38A53 /* PBXTargetDependency */ = {
			isa = PBXTargetDependency;
			target = 5E0F60B0209BF1DB00C38A53 /* MapComponent */;
			targetProxy = 5E0F60BC209BF1DB00C38A53 /* PBXContainerItemProxy */;
		};
/* End PBXTargetDependency section */

/* Begin XCBuildConfiguration section */
		5E0F60C3209BF1DB00C38A53 /* Debug */ = {
			isa = XCBuildConfiguration;
			buildSettings = {
				ALWAYS_SEARCH_USER_PATHS = NO;
				CLANG_ANALYZER_NONNULL = YES;
				CLANG_ANALYZER_NUMBER_OBJECT_CONVERSION = YES_AGGRESSIVE;
				CLANG_CXX_LANGUAGE_STANDARD = "gnu++14";
				CLANG_CXX_LIBRARY = "libc++";
				CLANG_ENABLE_MODULES = YES;
				CLANG_ENABLE_OBJC_ARC = YES;
				CLANG_ENABLE_OBJC_WEAK = YES;
				CLANG_WARN_BLOCK_CAPTURE_AUTORELEASING = YES;
				CLANG_WARN_BOOL_CONVERSION = YES;
				CLANG_WARN_COMMA = YES;
				CLANG_WARN_CONSTANT_CONVERSION = YES;
				CLANG_WARN_DEPRECATED_OBJC_IMPLEMENTATIONS = YES;
				CLANG_WARN_DIRECT_OBJC_ISA_USAGE = YES_ERROR;
				CLANG_WARN_DOCUMENTATION_COMMENTS = YES;
				CLANG_WARN_EMPTY_BODY = YES;
				CLANG_WARN_ENUM_CONVERSION = YES;
				CLANG_WARN_INFINITE_RECURSION = YES;
				CLANG_WARN_INT_CONVERSION = YES;
				CLANG_WARN_NON_LITERAL_NULL_CONVERSION = YES;
				CLANG_WARN_OBJC_IMPLICIT_RETAIN_SELF = YES;
				CLANG_WARN_OBJC_LITERAL_CONVERSION = YES;
				CLANG_WARN_OBJC_ROOT_CLASS = YES_ERROR;
				CLANG_WARN_RANGE_LOOP_ANALYSIS = YES;
				CLANG_WARN_STRICT_PROTOTYPES = YES;
				CLANG_WARN_SUSPICIOUS_MOVE = YES;
				CLANG_WARN_UNGUARDED_AVAILABILITY = YES_AGGRESSIVE;
				CLANG_WARN_UNREACHABLE_CODE = YES;
				CLANG_WARN__DUPLICATE_METHOD_MATCH = YES;
				CODE_SIGN_IDENTITY = "iPhone Developer";
				COPY_PHASE_STRIP = NO;
				CURRENT_PROJECT_VERSION = 1;
				DEBUG_INFORMATION_FORMAT = dwarf;
				ENABLE_STRICT_OBJC_MSGSEND = YES;
				ENABLE_TESTABILITY = YES;
				GCC_C_LANGUAGE_STANDARD = gnu11;
				GCC_DYNAMIC_NO_PIC = NO;
				GCC_NO_COMMON_BLOCKS = YES;
				GCC_OPTIMIZATION_LEVEL = 0;
				GCC_PREPROCESSOR_DEFINITIONS = (
					"DEBUG=1",
					"$(inherited)",
				);
				GCC_WARN_64_TO_32_BIT_CONVERSION = YES;
				GCC_WARN_ABOUT_RETURN_TYPE = YES_ERROR;
				GCC_WARN_UNDECLARED_SELECTOR = YES;
				GCC_WARN_UNINITIALIZED_AUTOS = YES_AGGRESSIVE;
				GCC_WARN_UNUSED_FUNCTION = YES;
				GCC_WARN_UNUSED_VARIABLE = YES;
				IPHONEOS_DEPLOYMENT_TARGET = 11.3;
				MTL_ENABLE_DEBUG_INFO = YES;
				ONLY_ACTIVE_ARCH = YES;
				SDKROOT = iphoneos;
				SWIFT_ACTIVE_COMPILATION_CONDITIONS = DEBUG;
				SWIFT_OPTIMIZATION_LEVEL = "-Onone";
				VERSIONING_SYSTEM = "apple-generic";
				VERSION_INFO_PREFIX = "";
			};
			name = Debug;
		};
		5E0F60C4209BF1DB00C38A53 /* Release */ = {
			isa = XCBuildConfiguration;
			buildSettings = {
				ALWAYS_SEARCH_USER_PATHS = NO;
				CLANG_ANALYZER_NONNULL = YES;
				CLANG_ANALYZER_NUMBER_OBJECT_CONVERSION = YES_AGGRESSIVE;
				CLANG_CXX_LANGUAGE_STANDARD = "gnu++14";
				CLANG_CXX_LIBRARY = "libc++";
				CLANG_ENABLE_MODULES = YES;
				CLANG_ENABLE_OBJC_ARC = YES;
				CLANG_ENABLE_OBJC_WEAK = YES;
				CLANG_WARN_BLOCK_CAPTURE_AUTORELEASING = YES;
				CLANG_WARN_BOOL_CONVERSION = YES;
				CLANG_WARN_COMMA = YES;
				CLANG_WARN_CONSTANT_CONVERSION = YES;
				CLANG_WARN_DEPRECATED_OBJC_IMPLEMENTATIONS = YES;
				CLANG_WARN_DIRECT_OBJC_ISA_USAGE = YES_ERROR;
				CLANG_WARN_DOCUMENTATION_COMMENTS = YES;
				CLANG_WARN_EMPTY_BODY = YES;
				CLANG_WARN_ENUM_CONVERSION = YES;
				CLANG_WARN_INFINITE_RECURSION = YES;
				CLANG_WARN_INT_CONVERSION = YES;
				CLANG_WARN_NON_LITERAL_NULL_CONVERSION = YES;
				CLANG_WARN_OBJC_IMPLICIT_RETAIN_SELF = YES;
				CLANG_WARN_OBJC_LITERAL_CONVERSION = YES;
				CLANG_WARN_OBJC_ROOT_CLASS = YES_ERROR;
				CLANG_WARN_RANGE_LOOP_ANALYSIS = YES;
				CLANG_WARN_STRICT_PROTOTYPES = YES;
				CLANG_WARN_SUSPICIOUS_MOVE = YES;
				CLANG_WARN_UNGUARDED_AVAILABILITY = YES_AGGRESSIVE;
				CLANG_WARN_UNREACHABLE_CODE = YES;
				CLANG_WARN__DUPLICATE_METHOD_MATCH = YES;
				CODE_SIGN_IDENTITY = "iPhone Developer";
				COPY_PHASE_STRIP = NO;
				CURRENT_PROJECT_VERSION = 1;
				DEBUG_INFORMATION_FORMAT = "dwarf-with-dsym";
				ENABLE_NS_ASSERTIONS = NO;
				ENABLE_STRICT_OBJC_MSGSEND = YES;
				GCC_C_LANGUAGE_STANDARD = gnu11;
				GCC_NO_COMMON_BLOCKS = YES;
				GCC_WARN_64_TO_32_BIT_CONVERSION = YES;
				GCC_WARN_ABOUT_RETURN_TYPE = YES_ERROR;
				GCC_WARN_UNDECLARED_SELECTOR = YES;
				GCC_WARN_UNINITIALIZED_AUTOS = YES_AGGRESSIVE;
				GCC_WARN_UNUSED_FUNCTION = YES;
				GCC_WARN_UNUSED_VARIABLE = YES;
				IPHONEOS_DEPLOYMENT_TARGET = 11.3;
				MTL_ENABLE_DEBUG_INFO = NO;
				SDKROOT = iphoneos;
				SWIFT_COMPILATION_MODE = wholemodule;
				SWIFT_OPTIMIZATION_LEVEL = "-O";
				VALIDATE_PRODUCT = YES;
				VERSIONING_SYSTEM = "apple-generic";
				VERSION_INFO_PREFIX = "";
			};
			name = Release;
		};
		5E0F60C6209BF1DB00C38A53 /* Debug */ = {
			isa = XCBuildConfiguration;
			buildSettings = {
				CLANG_ENABLE_MODULES = YES;
				CODE_SIGN_IDENTITY = "";
				CODE_SIGN_STYLE = Automatic;
				DEFINES_MODULE = YES;
				DEVELOPMENT_TEAM = L26E58LG2M;
				DYLIB_COMPATIBILITY_VERSION = 1;
				DYLIB_CURRENT_VERSION = 1;
				DYLIB_INSTALL_NAME_BASE = "@rpath";
				INFOPLIST_FILE = MapComponent/Info.plist;
				INSTALL_PATH = "$(LOCAL_LIBRARY_DIR)/Frameworks";
				LD_RUNPATH_SEARCH_PATHS = (
					"$(inherited)",
					"@executable_path/Frameworks",
					"@loader_path/Frameworks",
				);
				PRODUCT_BUNDLE_IDENTIFIER = com.op131.MapComponent;
				PRODUCT_NAME = "$(TARGET_NAME:c99extidentifier)";
				SKIP_INSTALL = YES;
				SWIFT_OPTIMIZATION_LEVEL = "-Onone";
				SWIFT_VERSION = 4.0;
				TARGETED_DEVICE_FAMILY = "1,2";
			};
			name = Debug;
		};
		5E0F60C7209BF1DB00C38A53 /* Release */ = {
			isa = XCBuildConfiguration;
			buildSettings = {
				CLANG_ENABLE_MODULES = YES;
				CODE_SIGN_IDENTITY = "";
				CODE_SIGN_STYLE = Automatic;
				DEFINES_MODULE = YES;
				DEVELOPMENT_TEAM = L26E58LG2M;
				DYLIB_COMPATIBILITY_VERSION = 1;
				DYLIB_CURRENT_VERSION = 1;
				DYLIB_INSTALL_NAME_BASE = "@rpath";
				INFOPLIST_FILE = MapComponent/Info.plist;
				INSTALL_PATH = "$(LOCAL_LIBRARY_DIR)/Frameworks";
				LD_RUNPATH_SEARCH_PATHS = (
					"$(inherited)",
					"@executable_path/Frameworks",
					"@loader_path/Frameworks",
				);
				PRODUCT_BUNDLE_IDENTIFIER = com.op131.MapComponent;
				PRODUCT_NAME = "$(TARGET_NAME:c99extidentifier)";
				SKIP_INSTALL = YES;
				SWIFT_VERSION = 4.0;
				TARGETED_DEVICE_FAMILY = "1,2";
			};
			name = Release;
		};
		5E0F60C9209BF1DB00C38A53 /* Debug */ = {
			isa = XCBuildConfiguration;
			buildSettings = {
				ALWAYS_EMBED_SWIFT_STANDARD_LIBRARIES = YES;
				CODE_SIGN_STYLE = Automatic;
				DEVELOPMENT_TEAM = L26E58LG2M;
				INFOPLIST_FILE = MapComponentTests/Info.plist;
				LD_RUNPATH_SEARCH_PATHS = (
					"$(inherited)",
					"@executable_path/Frameworks",
					"@loader_path/Frameworks",
				);
				PRODUCT_BUNDLE_IDENTIFIER = com.op131.MapComponentTests;
				PRODUCT_NAME = "$(TARGET_NAME)";
				SWIFT_VERSION = 4.0;
				TARGETED_DEVICE_FAMILY = "1,2";
			};
			name = Debug;
		};
		5E0F60CA209BF1DB00C38A53 /* Release */ = {
			isa = XCBuildConfiguration;
			buildSettings = {
				ALWAYS_EMBED_SWIFT_STANDARD_LIBRARIES = YES;
				CODE_SIGN_STYLE = Automatic;
				DEVELOPMENT_TEAM = L26E58LG2M;
				INFOPLIST_FILE = MapComponentTests/Info.plist;
				LD_RUNPATH_SEARCH_PATHS = (
					"$(inherited)",
					"@executable_path/Frameworks",
					"@loader_path/Frameworks",
				);
				PRODUCT_BUNDLE_IDENTIFIER = com.op131.MapComponentTests;
				PRODUCT_NAME = "$(TARGET_NAME)";
				SWIFT_VERSION = 4.0;
				TARGETED_DEVICE_FAMILY = "1,2";
			};
			name = Release;
		};
/* End XCBuildConfiguration section */

/* Begin XCConfigurationList section */
		5E0F60AB209BF1DB00C38A53 /* Build configuration list for PBXProject "MapComponent" */ = {
			isa = XCConfigurationList;
			buildConfigurations = (
				5E0F60C3209BF1DB00C38A53 /* Debug */,
				5E0F60C4209BF1DB00C38A53 /* Release */,
			);
			defaultConfigurationIsVisible = 0;
			defaultConfigurationName = Release;
		};
		5E0F60C5209BF1DB00C38A53 /* Build configuration list for PBXNativeTarget "MapComponent" */ = {
			isa = XCConfigurationList;
			buildConfigurations = (
				5E0F60C6209BF1DB00C38A53 /* Debug */,
				5E0F60C7209BF1DB00C38A53 /* Release */,
			);
			defaultConfigurationIsVisible = 0;
			defaultConfigurationName = Release;
		};
		5E0F60C8209BF1DB00C38A53 /* Build configuration list for PBXNativeTarget "MapComponentTests" */ = {
			isa = XCConfigurationList;
			buildConfigurations = (
				5E0F60C9209BF1DB00C38A53 /* Debug */,
				5E0F60CA209BF1DB00C38A53 /* Release */,
			);
			defaultConfigurationIsVisible = 0;
			defaultConfigurationName = Release;
		};
/* End XCConfigurationList section */
	};
	rootObject = 5E0F60A8209BF1DB00C38A53 /* Project object */;
}
